# This file is automatically @generated by Poetry 1.8.4 and should not be changed by hand.

[[package]]
name = "agate"
version = "1.13.0"
description = "A data analysis library that is optimized for humans instead of machines."
optional = false
python-versions = "*"
files = [
    {file = "agate-1.13.0-py2.py3-none-any.whl", hash = "sha256:0726e3883e157da2b6bb58cc40bd9b810a5df4a11dea3bcd3de0f422a3819294"},
    {file = "agate-1.13.0.tar.gz", hash = "sha256:24bc3d3cbd165aa3ab0ef9e798dd4c53ad703012d450fe89b9c26b239505c445"},
]

[package.dependencies]
Babel = ">=2.0"
isodate = ">=0.5.4"
leather = ">=0.3.2"
parsedatetime = ">=2.1,<2.5 || >2.5"
python-slugify = ">=1.2.1"
pytimeparse = ">=1.1.5"
tzdata = {version = ">=2023.3", markers = "platform_system == \"Windows\""}

[package.extras]
test = ["PyICU (>=2.4.2)", "backports.zoneinfo", "coverage (>=3.7.1)", "cssselect (>=0.9.1)", "lxml (>=3.6.0)", "pytest", "pytest-cov"]

[[package]]
name = "agate-dbf"
version = "0.2.3"
description = "agate-dbf adds read support for dbf files to agate."
optional = false
python-versions = "*"
files = [
    {file = "agate-dbf-0.2.3.tar.gz", hash = "sha256:98a2b53757136cc74dc297e59e2101d34f6d48f41f74156bb6c0de26bba2aa3f"},
    {file = "agate_dbf-0.2.3-py2.py3-none-any.whl", hash = "sha256:b36e5a8321f9c42f812750256cadd600f779a19e334a80fee6e032395c0b9aa0"},
]

[package.dependencies]
agate = ">=1.5.0"
dbfread = ">=2.0.5"

[package.extras]
test = ["pytest", "pytest-cov"]

[[package]]
name = "agate-excel"
version = "0.4.1"
description = "agate-excel adds read support for Excel files (xls and xlsx) to agate."
optional = false
python-versions = "*"
files = [
    {file = "agate-excel-0.4.1.tar.gz", hash = "sha256:28426618c90747111e6d566e983d838f1e2fae641ea6970d7acb0e9d4b384091"},
    {file = "agate_excel-0.4.1-py2.py3-none-any.whl", hash = "sha256:398f214cb24e3debcb6cc75f52dc558dee84d594f5f4b5e73997299c6c786158"},
]

[package.dependencies]
agate = ">=1.5.0"
olefile = "*"
openpyxl = ">=2.3.0"
xlrd = ">=0.9.4"

[package.extras]
test = ["pytest", "pytest-cov"]

[[package]]
name = "agate-sql"
version = "0.7.2"
description = "agate-sql adds SQL read/write support to agate."
optional = false
python-versions = "*"
files = [
    {file = "agate-sql-0.7.2.tar.gz", hash = "sha256:9b1b30284a573fd416759437273dcc5c81022bdf2facb24b4aa029a62afd53b0"},
    {file = "agate_sql-0.7.2-py2.py3-none-any.whl", hash = "sha256:be1cb9a99b3e4ec7f6106278dfb7b534be9629c8a983abb168c3effacc79dd10"},
]

[package.dependencies]
agate = ">=1.5.0"
sqlalchemy = ">=1.4"

[package.extras]
test = ["crate", "geojson", "pytest", "pytest-cov"]

[[package]]
name = "babel"
version = "2.17.0"
description = "Internationalization utilities"
optional = false
python-versions = ">=3.8"
files = [
    {file = "babel-2.17.0-py3-none-any.whl", hash = "sha256:4d0b53093fdfb4b21c92b5213dba5a1b23885afa8383709427046b21c366e5f2"},
    {file = "babel-2.17.0.tar.gz", hash = "sha256:0c54cffb19f690cdcc52a3b50bcbf71e07a808d1c80d549f2459b9d2cf0afb9d"},
]

[package.extras]
dev = ["backports.zoneinfo", "freezegun (>=1.0,<2.0)", "jinja2 (>=3.0)", "pytest (>=6.0)", "pytest-cov", "pytz", "setuptools", "tzdata"]

[[package]]
name = "colorama"
version = "0.4.6"
description = "Cross-platform colored terminal text."
optional = false
python-versions = "!=3.0.*,!=3.1.*,!=3.2.*,!=3.3.*,!=3.4.*,!=3.5.*,!=3.6.*,>=2.7"
files = [
    {file = "colorama-0.4.6-py2.py3-none-any.whl", hash = "sha256:4f1d9991f5acc0ca119f9d443620b77f9d6b33703e51011c16baf57afb285fc6"},
    {file = "colorama-0.4.6.tar.gz", hash = "sha256:08695f5cb7ed6e0531a20572697297273c47b8cae5a63ffc6d6ed5c201be6e44"},
]

[[package]]
name = "coverage"
version = "7.10.3"
description = "Code coverage measurement for Python"
optional = false
python-versions = ">=3.9"
files = [
    {file = "coverage-7.10.3-cp310-cp310-macosx_10_9_x86_64.whl", hash = "sha256:53808194afdf948c462215e9403cca27a81cf150d2f9b386aee4dab614ae2ffe"},
    {file = "coverage-7.10.3-cp310-cp310-macosx_11_0_arm64.whl", hash = "sha256:f4d1b837d1abf72187a61645dbf799e0d7705aa9232924946e1f57eb09a3bf00"},
    {file = "coverage-7.10.3-cp310-cp310-manylinux1_i686.manylinux_2_28_i686.manylinux_2_5_i686.whl", hash = "sha256:2a90dd4505d3cc68b847ab10c5ee81822a968b5191664e8a0801778fa60459fa"},
    {file = "coverage-7.10.3-cp310-cp310-manylinux1_x86_64.manylinux_2_28_x86_64.manylinux_2_5_x86_64.whl", hash = "sha256:d52989685ff5bf909c430e6d7f6550937bc6d6f3e6ecb303c97a86100efd4596"},
    {file = "coverage-7.10.3-cp310-cp310-manylinux2014_aarch64.manylinux_2_17_aarch64.manylinux_2_28_aarch64.whl", hash = "sha256:bdb558a1d97345bde3a9f4d3e8d11c9e5611f748646e9bb61d7d612a796671b5"},
    {file = "coverage-7.10.3-cp310-cp310-musllinux_1_2_aarch64.whl", hash = "sha256:c9e6331a8f09cb1fc8bda032752af03c366870b48cce908875ba2620d20d0ad4"},
    {file = "coverage-7.10.3-cp310-cp310-musllinux_1_2_i686.whl", hash = "sha256:992f48bf35b720e174e7fae916d943599f1a66501a2710d06c5f8104e0756ee1"},
    {file = "coverage-7.10.3-cp310-cp310-musllinux_1_2_x86_64.whl", hash = "sha256:c5595fc4ad6a39312c786ec3326d7322d0cf10e3ac6a6df70809910026d67cfb"},
    {file = "coverage-7.10.3-cp310-cp310-win32.whl", hash = "sha256:9e92fa1f2bd5a57df9d00cf9ce1eb4ef6fccca4ceabec1c984837de55329db34"},
    {file = "coverage-7.10.3-cp310-cp310-win_amd64.whl", hash = "sha256:b96524d6e4a3ce6a75c56bb15dbd08023b0ae2289c254e15b9fbdddf0c577416"},
    {file = "coverage-7.10.3-cp311-cp311-macosx_10_9_x86_64.whl", hash = "sha256:f2ff2e2afdf0d51b9b8301e542d9c21a8d084fd23d4c8ea2b3a1b3c96f5f7397"},
    {file = "coverage-7.10.3-cp311-cp311-macosx_11_0_arm64.whl", hash = "sha256:18ecc5d1b9a8c570f6c9b808fa9a2b16836b3dd5414a6d467ae942208b095f85"},
    {file = "coverage-7.10.3-cp311-cp311-manylinux1_i686.manylinux_2_28_i686.manylinux_2_5_i686.whl", hash = "sha256:1af4461b25fe92889590d438905e1fc79a95680ec2a1ff69a591bb3fdb6c7157"},
    {file = "coverage-7.10.3-cp311-cp311-manylinux1_x86_64.manylinux_2_28_x86_64.manylinux_2_5_x86_64.whl", hash = "sha256:3966bc9a76b09a40dc6063c8b10375e827ea5dfcaffae402dd65953bef4cba54"},
    {file = "coverage-7.10.3-cp311-cp311-manylinux2014_aarch64.manylinux_2_17_aarch64.manylinux_2_28_aarch64.whl", hash = "sha256:205a95b87ef4eb303b7bc5118b47b6b6604a644bcbdb33c336a41cfc0a08c06a"},
    {file = "coverage-7.10.3-cp311-cp311-musllinux_1_2_aarch64.whl", hash = "sha256:5b3801b79fb2ad61e3c7e2554bab754fc5f105626056980a2b9cf3aef4f13f84"},
    {file = "coverage-7.10.3-cp311-cp311-musllinux_1_2_i686.whl", hash = "sha256:b0dc69c60224cda33d384572da945759756e3f06b9cdac27f302f53961e63160"},
    {file = "coverage-7.10.3-cp311-cp311-musllinux_1_2_x86_64.whl", hash = "sha256:a83d4f134bab2c7ff758e6bb1541dd72b54ba295ced6a63d93efc2e20cb9b124"},
    {file = "coverage-7.10.3-cp311-cp311-win32.whl", hash = "sha256:54e409dd64e5302b2a8fdf44ec1c26f47abd1f45a2dcf67bd161873ee05a59b8"},
    {file = "coverage-7.10.3-cp311-cp311-win_amd64.whl", hash = "sha256:30c601610a9b23807c5e9e2e442054b795953ab85d525c3de1b1b27cebeb2117"},
    {file = "coverage-7.10.3-cp311-cp311-win_arm64.whl", hash = "sha256:dabe662312a97958e932dee056f2659051d822552c0b866823e8ba1c2fe64770"},
    {file = "coverage-7.10.3-cp312-cp312-macosx_10_13_x86_64.whl", hash = "sha256:449c1e2d3a84d18bd204258a897a87bc57380072eb2aded6a5b5226046207b42"},
    {file = "coverage-7.10.3-cp312-cp312-macosx_11_0_arm64.whl", hash = "sha256:1d4f9ce50b9261ad196dc2b2e9f1fbbee21651b54c3097a25ad783679fd18294"},
    {file = "coverage-7.10.3-cp312-cp312-manylinux1_i686.manylinux_2_28_i686.manylinux_2_5_i686.whl", hash = "sha256:4dd4564207b160d0d45c36a10bc0a3d12563028e8b48cd6459ea322302a156d7"},
    {file = "coverage-7.10.3-cp312-cp312-manylinux1_x86_64.manylinux_2_28_x86_64.manylinux_2_5_x86_64.whl", hash = "sha256:5ca3c9530ee072b7cb6a6ea7b640bcdff0ad3b334ae9687e521e59f79b1d0437"},
    {file = "coverage-7.10.3-cp312-cp312-manylinux2014_aarch64.manylinux_2_17_aarch64.manylinux_2_28_aarch64.whl", hash = "sha256:b6df359e59fa243c9925ae6507e27f29c46698359f45e568fd51b9315dbbe587"},
    {file = "coverage-7.10.3-cp312-cp312-musllinux_1_2_aarch64.whl", hash = "sha256:a181e4c2c896c2ff64c6312db3bda38e9ade2e1aa67f86a5628ae85873786cea"},
    {file = "coverage-7.10.3-cp312-cp312-musllinux_1_2_i686.whl", hash = "sha256:a374d4e923814e8b72b205ef6b3d3a647bb50e66f3558582eda074c976923613"},
    {file = "coverage-7.10.3-cp312-cp312-musllinux_1_2_x86_64.whl", hash = "sha256:daeefff05993e5e8c6e7499a8508e7bd94502b6b9a9159c84fd1fe6bce3151cb"},
    {file = "coverage-7.10.3-cp312-cp312-win32.whl", hash = "sha256:187ecdcac21f9636d570e419773df7bd2fda2e7fa040f812e7f95d0bddf5f79a"},
    {file = "coverage-7.10.3-cp312-cp312-win_amd64.whl", hash = "sha256:4a50ad2524ee7e4c2a95e60d2b0b83283bdfc745fe82359d567e4f15d3823eb5"},
    {file = "coverage-7.10.3-cp312-cp312-win_arm64.whl", hash = "sha256:c112f04e075d3495fa3ed2200f71317da99608cbb2e9345bdb6de8819fc30571"},
    {file = "coverage-7.10.3-cp313-cp313-macosx_10_13_x86_64.whl", hash = "sha256:b99e87304ffe0eb97c5308447328a584258951853807afdc58b16143a530518a"},
    {file = "coverage-7.10.3-cp313-cp313-macosx_11_0_arm64.whl", hash = "sha256:4af09c7574d09afbc1ea7da9dcea23665c01f3bc1b1feb061dac135f98ffc53a"},
    {file = "coverage-7.10.3-cp313-cp313-manylinux1_i686.manylinux_2_28_i686.manylinux_2_5_i686.whl", hash = "sha256:488e9b50dc5d2aa9521053cfa706209e5acf5289e81edc28291a24f4e4488f46"},
    {file = "coverage-7.10.3-cp313-cp313-manylinux1_x86_64.manylinux_2_28_x86_64.manylinux_2_5_x86_64.whl", hash = "sha256:913ceddb4289cbba3a310704a424e3fb7aac2bc0c3a23ea473193cb290cf17d4"},
    {file = "coverage-7.10.3-cp313-cp313-manylinux2014_aarch64.manylinux_2_17_aarch64.manylinux_2_28_aarch64.whl", hash = "sha256:6b1f91cbc78c7112ab84ed2a8defbccd90f888fcae40a97ddd6466b0bec6ae8a"},
    {file = "coverage-7.10.3-cp313-cp313-musllinux_1_2_aarch64.whl", hash = "sha256:b0bac054d45af7cd938834b43a9878b36ea92781bcb009eab040a5b09e9927e3"},
    {file = "coverage-7.10.3-cp313-cp313-musllinux_1_2_i686.whl", hash = "sha256:fe72cbdd12d9e0f4aca873fa6d755e103888a7f9085e4a62d282d9d5b9f7928c"},
    {file = "coverage-7.10.3-cp313-cp313-musllinux_1_2_x86_64.whl", hash = "sha256:c1e2e927ab3eadd7c244023927d646e4c15c65bb2ac7ae3c3e9537c013700d21"},
    {file = "coverage-7.10.3-cp313-cp313-win32.whl", hash = "sha256:24d0c13de473b04920ddd6e5da3c08831b1170b8f3b17461d7429b61cad59ae0"},
    {file = "coverage-7.10.3-cp313-cp313-win_amd64.whl", hash = "sha256:3564aae76bce4b96e2345cf53b4c87e938c4985424a9be6a66ee902626edec4c"},
    {file = "coverage-7.10.3-cp313-cp313-win_arm64.whl", hash = "sha256:f35580f19f297455f44afcd773c9c7a058e52eb6eb170aa31222e635f2e38b87"},
    {file = "coverage-7.10.3-cp313-cp313t-macosx_10_13_x86_64.whl", hash = "sha256:07009152f497a0464ffdf2634586787aea0e69ddd023eafb23fc38267db94b84"},
    {file = "coverage-7.10.3-cp313-cp313t-macosx_11_0_arm64.whl", hash = "sha256:8dd2ba5f0c7e7e8cc418be2f0c14c4d9e3f08b8fb8e4c0f83c2fe87d03eb655e"},
    {file = "coverage-7.10.3-cp313-cp313t-manylinux1_i686.manylinux_2_28_i686.manylinux_2_5_i686.whl", hash = "sha256:1ae22b97003c74186e034a93e4f946c75fad8c0ce8d92fbbc168b5e15ee2841f"},
    {file = "coverage-7.10.3-cp313-cp313t-manylinux1_x86_64.manylinux_2_28_x86_64.manylinux_2_5_x86_64.whl", hash = "sha256:eb329f1046888a36b1dc35504d3029e1dd5afe2196d94315d18c45ee380f67d5"},
    {file = "coverage-7.10.3-cp313-cp313t-manylinux2014_aarch64.manylinux_2_17_aarch64.manylinux_2_28_aarch64.whl", hash = "sha256:ce01048199a91f07f96ca3074b0c14021f4fe7ffd29a3e6a188ac60a5c3a4af8"},
    {file = "coverage-7.10.3-cp313-cp313t-musllinux_1_2_aarch64.whl", hash = "sha256:08b989a06eb9dfacf96d42b7fb4c9a22bafa370d245dc22fa839f2168c6f9fa1"},
    {file = "coverage-7.10.3-cp313-cp313t-musllinux_1_2_i686.whl", hash = "sha256:669fe0d4e69c575c52148511029b722ba8d26e8a3129840c2ce0522e1452b256"},
    {file = "coverage-7.10.3-cp313-cp313t-musllinux_1_2_x86_64.whl", hash = "sha256:3262d19092771c83f3413831d9904b1ccc5f98da5de4ffa4ad67f5b20c7aaf7b"},
    {file = "coverage-7.10.3-cp313-cp313t-win32.whl", hash = "sha256:cc0ee4b2ccd42cab7ee6be46d8a67d230cb33a0a7cd47a58b587a7063b6c6b0e"},
    {file = "coverage-7.10.3-cp313-cp313t-win_amd64.whl", hash = "sha256:03db599f213341e2960430984e04cf35fb179724e052a3ee627a068653cf4a7c"},
    {file = "coverage-7.10.3-cp313-cp313t-win_arm64.whl", hash = "sha256:46eae7893ba65f53c71284585a262f083ef71594f05ec5c85baf79c402369098"},
    {file = "coverage-7.10.3-cp314-cp314-macosx_10_13_x86_64.whl", hash = "sha256:bce8b8180912914032785850d8f3aacb25ec1810f5f54afc4a8b114e7a9b55de"},
    {file = "coverage-7.10.3-cp314-cp314-macosx_11_0_arm64.whl", hash = "sha256:07790b4b37d56608536f7c1079bd1aa511567ac2966d33d5cec9cf520c50a7c8"},
    {file = "coverage-7.10.3-cp314-cp314-manylinux1_i686.manylinux_2_28_i686.manylinux_2_5_i686.whl", hash = "sha256:e79367ef2cd9166acedcbf136a458dfe9a4a2dd4d1ee95738fb2ee581c56f667"},
    {file = "coverage-7.10.3-cp314-cp314-manylinux1_x86_64.manylinux_2_28_x86_64.manylinux_2_5_x86_64.whl", hash = "sha256:419d2a0f769f26cb1d05e9ccbc5eab4cb5d70231604d47150867c07822acbdf4"},
    {file = "coverage-7.10.3-cp314-cp314-manylinux2014_aarch64.manylinux_2_17_aarch64.manylinux_2_28_aarch64.whl", hash = "sha256:ee221cf244757cdc2ac882e3062ab414b8464ad9c884c21e878517ea64b3fa26"},
    {file = "coverage-7.10.3-cp314-cp314-musllinux_1_2_aarch64.whl", hash = "sha256:c2079d8cdd6f7373d628e14b3357f24d1db02c9dc22e6a007418ca7a2be0435a"},
    {file = "coverage-7.10.3-cp314-cp314-musllinux_1_2_i686.whl", hash = "sha256:bd8df1f83c0703fa3ca781b02d36f9ec67ad9cb725b18d486405924f5e4270bd"},
    {file = "coverage-7.10.3-cp314-cp314-musllinux_1_2_x86_64.whl", hash = "sha256:6b4e25e0fa335c8aa26e42a52053f3786a61cc7622b4d54ae2dad994aa754fec"},
    {file = "coverage-7.10.3-cp314-cp314-win32.whl", hash = "sha256:d7c3d02c2866deb217dce664c71787f4b25420ea3eaf87056f44fb364a3528f5"},
    {file = "coverage-7.10.3-cp314-cp314-win_amd64.whl", hash = "sha256:9c8916d44d9e0fe6cdb2227dc6b0edd8bc6c8ef13438bbbf69af7482d9bb9833"},
    {file = "coverage-7.10.3-cp314-cp314-win_arm64.whl", hash = "sha256:1007d6a2b3cf197c57105cc1ba390d9ff7f0bee215ced4dea530181e49c65ab4"},
    {file = "coverage-7.10.3-cp314-cp314t-macosx_10_13_x86_64.whl", hash = "sha256:ebc8791d346410d096818788877d675ca55c91db87d60e8f477bd41c6970ffc6"},
    {file = "coverage-7.10.3-cp314-cp314t-macosx_11_0_arm64.whl", hash = "sha256:1f4e4d8e75f6fd3c6940ebeed29e3d9d632e1f18f6fb65d33086d99d4d073241"},
    {file = "coverage-7.10.3-cp314-cp314t-manylinux1_i686.manylinux_2_28_i686.manylinux_2_5_i686.whl", hash = "sha256:24581ed69f132b6225a31b0228ae4885731cddc966f8a33fe5987288bdbbbd5e"},
    {file = "coverage-7.10.3-cp314-cp314t-manylinux1_x86_64.manylinux_2_28_x86_64.manylinux_2_5_x86_64.whl", hash = "sha256:ec151569ddfccbf71bac8c422dce15e176167385a00cd86e887f9a80035ce8a5"},
    {file = "coverage-7.10.3-cp314-cp314t-manylinux2014_aarch64.manylinux_2_17_aarch64.manylinux_2_28_aarch64.whl", hash = "sha256:2ae8e7c56290b908ee817200c0b65929b8050bc28530b131fe7c6dfee3e7d86b"},
    {file = "coverage-7.10.3-cp314-cp314t-musllinux_1_2_aarch64.whl", hash = "sha256:5fb742309766d7e48e9eb4dc34bc95a424707bc6140c0e7d9726e794f11b92a0"},
    {file = "coverage-7.10.3-cp314-cp314t-musllinux_1_2_i686.whl", hash = "sha256:c65e2a5b32fbe1e499f1036efa6eb9cb4ea2bf6f7168d0e7a5852f3024f471b1"},
    {file = "coverage-7.10.3-cp314-cp314t-musllinux_1_2_x86_64.whl", hash = "sha256:d48d2cb07d50f12f4f18d2bb75d9d19e3506c26d96fffabf56d22936e5ed8f7c"},
    {file = "coverage-7.10.3-cp314-cp314t-win32.whl", hash = "sha256:dec0d9bc15ee305e09fe2cd1911d3f0371262d3cfdae05d79515d8cb712b4869"},
    {file = "coverage-7.10.3-cp314-cp314t-win_amd64.whl", hash = "sha256:424ea93a323aa0f7f01174308ea78bde885c3089ec1bef7143a6d93c3e24ef64"},
    {file = "coverage-7.10.3-cp314-cp314t-win_arm64.whl", hash = "sha256:f5983c132a62d93d71c9ef896a0b9bf6e6828d8d2ea32611f58684fba60bba35"},
    {file = "coverage-7.10.3-cp39-cp39-macosx_10_9_x86_64.whl", hash = "sha256:da749daa7e141985487e1ff90a68315b0845930ed53dc397f4ae8f8bab25b551"},
    {file = "coverage-7.10.3-cp39-cp39-macosx_11_0_arm64.whl", hash = "sha256:f3126fb6a47d287f461d9b1aa5d1a8c97034d1dffb4f452f2cf211289dae74ef"},
    {file = "coverage-7.10.3-cp39-cp39-manylinux1_i686.manylinux_2_28_i686.manylinux_2_5_i686.whl", hash = "sha256:3da794db13cc27ca40e1ec8127945b97fab78ba548040047d54e7bfa6d442dca"},
    {file = "coverage-7.10.3-cp39-cp39-manylinux1_x86_64.manylinux_2_28_x86_64.manylinux_2_5_x86_64.whl", hash = "sha256:4e27bebbd184ef8d1c1e092b74a2b7109dcbe2618dce6e96b1776d53b14b3fe8"},
    {file = "coverage-7.10.3-cp39-cp39-manylinux2014_aarch64.manylinux_2_17_aarch64.manylinux_2_28_aarch64.whl", hash = "sha256:8fd4ee2580b9fefbd301b4f8f85b62ac90d1e848bea54f89a5748cf132782118"},
    {file = "coverage-7.10.3-cp39-cp39-musllinux_1_2_aarch64.whl", hash = "sha256:6999920bdd73259ce11cabfc1307484f071ecc6abdb2ca58d98facbcefc70f16"},
    {file = "coverage-7.10.3-cp39-cp39-musllinux_1_2_i686.whl", hash = "sha256:c3623f929db885fab100cb88220a5b193321ed37e03af719efdbaf5d10b6e227"},
    {file = "coverage-7.10.3-cp39-cp39-musllinux_1_2_x86_64.whl", hash = "sha256:25b902c5e15dea056485d782e420bb84621cc08ee75d5131ecb3dbef8bd1365f"},
    {file = "coverage-7.10.3-cp39-cp39-win32.whl", hash = "sha256:f930a4d92b004b643183451fe9c8fe398ccf866ed37d172ebaccfd443a097f61"},
    {file = "coverage-7.10.3-cp39-cp39-win_amd64.whl", hash = "sha256:08e638a93c8acba13c7842953f92a33d52d73e410329acd472280d2a21a6c0e1"},
    {file = "coverage-7.10.3-py3-none-any.whl", hash = "sha256:416a8d74dc0adfd33944ba2f405897bab87b7e9e84a391e09d241956bd953ce1"},
    {file = "coverage-7.10.3.tar.gz", hash = "sha256:812ba9250532e4a823b070b0420a36499859542335af3dca8f47fc6aa1a05619"},
]

[package.extras]
toml = ["tomli"]

[[package]]
name = "csvkit"
version = "2.1.0"
description = "A suite of command-line tools for working with CSV, the king of tabular file formats."
optional = false
python-versions = "*"
files = [
    {file = "csvkit-2.1.0-py2.py3-none-any.whl", hash = "sha256:3c0495a519be4c9d8a8ebdf852197a80fc324cddacbaa9fec82fc397d52bac9d"},
    {file = "csvkit-2.1.0.tar.gz", hash = "sha256:b91e8f5a485888c3c515b15cc2525ce4be5cfcd4f4766ead83113e787b5fd536"},
]

[package.dependencies]
agate = ">=1.12.0"
agate-dbf = ">=0.2.3"
agate-excel = ">=0.4.0"
agate-sql = ">=0.7.0"
openpyxl = "*"
sqlalchemy = "*"
xlrd = "*"

[package.extras]
test = ["coverage (>=4.4.2)", "pytest", "pytest-cov"]
zstandard = ["zstandard"]

[[package]]
name = "dbfread"
version = "2.0.7"
description = "Read DBF Files with Python"
optional = false
python-versions = "*"
files = [
    {file = "dbfread-2.0.7-py2.py3-none-any.whl", hash = "sha256:f604def58c59694fa0160d7be5d0b8d594467278d2bb6a47d46daf7162c84cec"},
    {file = "dbfread-2.0.7.tar.gz", hash = "sha256:07c8a9af06ffad3f6f03e8fe91ad7d2733e31a26d2b72c4dd4cfbae07ee3b73d"},
]

[[package]]
name = "et-xmlfile"
version = "2.0.0"
description = "An implementation of lxml.xmlfile for the standard library"
optional = false
python-versions = ">=3.8"
files = [
    {file = "et_xmlfile-2.0.0-py3-none-any.whl", hash = "sha256:7a91720bc756843502c3b7504c77b8fe44217c85c537d85037f0f536151b2caa"},
    {file = "et_xmlfile-2.0.0.tar.gz", hash = "sha256:dab3f4764309081ce75662649be815c4c9081e88f0837825f90fd28317d4da54"},
]

[[package]]
name = "greenlet"
version = "3.2.4"
description = "Lightweight in-process concurrent programming"
optional = false
python-versions = ">=3.9"
files = [
    {file = "greenlet-3.2.4-cp310-cp310-macosx_11_0_universal2.whl", hash = "sha256:8c68325b0d0acf8d91dde4e6f930967dd52a5302cd4062932a6b2e7c2969f47c"},
    {file = "greenlet-3.2.4-cp310-cp310-manylinux2014_aarch64.manylinux_2_17_aarch64.whl", hash = "sha256:94385f101946790ae13da500603491f04a76b6e4c059dab271b3ce2e283b2590"},
    {file = "greenlet-3.2.4-cp310-cp310-manylinux2014_ppc64le.manylinux_2_17_ppc64le.whl", hash = "sha256:f10fd42b5ee276335863712fa3da6608e93f70629c631bf77145021600abc23c"},
    {file = "greenlet-3.2.4-cp310-cp310-manylinux2014_s390x.manylinux_2_17_s390x.whl", hash = "sha256:c8c9e331e58180d0d83c5b7999255721b725913ff6bc6cf39fa2a45841a4fd4b"},
    {file = "greenlet-3.2.4-cp310-cp310-manylinux2014_x86_64.manylinux_2_17_x86_64.whl", hash = "sha256:58b97143c9cc7b86fc458f215bd0932f1757ce649e05b640fea2e79b54cedb31"},
    {file = "greenlet-3.2.4-cp310-cp310-manylinux_2_24_x86_64.manylinux_2_28_x86_64.whl", hash = "sha256:c2ca18a03a8cfb5b25bc1cbe20f3d9a4c80d8c3b13ba3df49ac3961af0b1018d"},
    {file = "greenlet-3.2.4-cp310-cp310-musllinux_1_1_aarch64.whl", hash = "sha256:9fe0a28a7b952a21e2c062cd5756d34354117796c6d9215a87f55e38d15402c5"},
    {file = "greenlet-3.2.4-cp310-cp310-musllinux_1_1_x86_64.whl", hash = "sha256:8854167e06950ca75b898b104b63cc646573aa5fef1353d4508ecdd1ee76254f"},
    {file = "greenlet-3.2.4-cp310-cp310-win_amd64.whl", hash = "sha256:73f49b5368b5359d04e18d15828eecc1806033db5233397748f4ca813ff1056c"},
    {file = "greenlet-3.2.4-cp311-cp311-macosx_11_0_universal2.whl", hash = "sha256:96378df1de302bc38e99c3a9aa311967b7dc80ced1dcc6f171e99842987882a2"},
    {file = "greenlet-3.2.4-cp311-cp311-manylinux2014_aarch64.manylinux_2_17_aarch64.whl", hash = "sha256:1ee8fae0519a337f2329cb78bd7a8e128ec0f881073d43f023c7b8d4831d5246"},
    {file = "greenlet-3.2.4-cp311-cp311-manylinux2014_ppc64le.manylinux_2_17_ppc64le.whl", hash = "sha256:94abf90142c2a18151632371140b3dba4dee031633fe614cb592dbb6c9e17bc3"},
    {file = "greenlet-3.2.4-cp311-cp311-manylinux2014_s390x.manylinux_2_17_s390x.whl", hash = "sha256:4d1378601b85e2e5171b99be8d2dc85f594c79967599328f95c1dc1a40f1c633"},
    {file = "greenlet-3.2.4-cp311-cp311-manylinux2014_x86_64.manylinux_2_17_x86_64.whl", hash = "sha256:0db5594dce18db94f7d1650d7489909b57afde4c580806b8d9203b6e79cdc079"},
    {file = "greenlet-3.2.4-cp311-cp311-manylinux_2_24_x86_64.manylinux_2_28_x86_64.whl", hash = "sha256:2523e5246274f54fdadbce8494458a2ebdcdbc7b802318466ac5606d3cded1f8"},
    {file = "greenlet-3.2.4-cp311-cp311-musllinux_1_1_aarch64.whl", hash = "sha256:1987de92fec508535687fb807a5cea1560f6196285a4cde35c100b8cd632cc52"},
    {file = "greenlet-3.2.4-cp311-cp311-musllinux_1_1_x86_64.whl", hash = "sha256:55e9c5affaa6775e2c6b67659f3a71684de4c549b3dd9afca3bc773533d284fa"},
    {file = "greenlet-3.2.4-cp311-cp311-win_amd64.whl", hash = "sha256:9c40adce87eaa9ddb593ccb0fa6a07caf34015a29bf8d344811665b573138db9"},
    {file = "greenlet-3.2.4-cp312-cp312-macosx_11_0_universal2.whl", hash = "sha256:3b67ca49f54cede0186854a008109d6ee71f66bd57bb36abd6d0a0267b540cdd"},
    {file = "greenlet-3.2.4-cp312-cp312-manylinux2014_aarch64.manylinux_2_17_aarch64.whl", hash = "sha256:ddf9164e7a5b08e9d22511526865780a576f19ddd00d62f8a665949327fde8bb"},
    {file = "greenlet-3.2.4-cp312-cp312-manylinux2014_ppc64le.manylinux_2_17_ppc64le.whl", hash = "sha256:f28588772bb5fb869a8eb331374ec06f24a83a9c25bfa1f38b6993afe9c1e968"},
    {file = "greenlet-3.2.4-cp312-cp312-manylinux2014_s390x.manylinux_2_17_s390x.whl", hash = "sha256:5c9320971821a7cb77cfab8d956fa8e39cd07ca44b6070db358ceb7f8797c8c9"},
    {file = "greenlet-3.2.4-cp312-cp312-manylinux2014_x86_64.manylinux_2_17_x86_64.whl", hash = "sha256:c60a6d84229b271d44b70fb6e5fa23781abb5d742af7b808ae3f6efd7c9c60f6"},
    {file = "greenlet-3.2.4-cp312-cp312-manylinux_2_24_x86_64.manylinux_2_28_x86_64.whl", hash = "sha256:3b3812d8d0c9579967815af437d96623f45c0f2ae5f04e366de62a12d83a8fb0"},
    {file = "greenlet-3.2.4-cp312-cp312-musllinux_1_1_aarch64.whl", hash = "sha256:abbf57b5a870d30c4675928c37278493044d7c14378350b3aa5d484fa65575f0"},
    {file = "greenlet-3.2.4-cp312-cp312-musllinux_1_1_x86_64.whl", hash = "sha256:20fb936b4652b6e307b8f347665e2c615540d4b42b3b4c8a321d8286da7e520f"},
    {file = "greenlet-3.2.4-cp312-cp312-win_amd64.whl", hash = "sha256:a7d4e128405eea3814a12cc2605e0e6aedb4035bf32697f72deca74de4105e02"},
    {file = "greenlet-3.2.4-cp313-cp313-macosx_11_0_universal2.whl", hash = "sha256:1a921e542453fe531144e91e1feedf12e07351b1cf6c9e8a3325ea600a715a31"},
    {file = "greenlet-3.2.4-cp313-cp313-manylinux2014_aarch64.manylinux_2_17_aarch64.whl", hash = "sha256:cd3c8e693bff0fff6ba55f140bf390fa92c994083f838fece0f63be121334945"},
    {file = "greenlet-3.2.4-cp313-cp313-manylinux2014_ppc64le.manylinux_2_17_ppc64le.whl", hash = "sha256:710638eb93b1fa52823aa91bf75326f9ecdfd5e0466f00789246a5280f4ba0fc"},
    {file = "greenlet-3.2.4-cp313-cp313-manylinux2014_s390x.manylinux_2_17_s390x.whl", hash = "sha256:c5111ccdc9c88f423426df3fd1811bfc40ed66264d35aa373420a34377efc98a"},
    {file = "greenlet-3.2.4-cp313-cp313-manylinux2014_x86_64.manylinux_2_17_x86_64.whl", hash = "sha256:d76383238584e9711e20ebe14db6c88ddcedc1829a9ad31a584389463b5aa504"},
    {file = "greenlet-3.2.4-cp313-cp313-manylinux_2_24_x86_64.manylinux_2_28_x86_64.whl", hash = "sha256:23768528f2911bcd7e475210822ffb5254ed10d71f4028387e5a99b4c6699671"},
    {file = "greenlet-3.2.4-cp313-cp313-musllinux_1_1_aarch64.whl", hash = "sha256:00fadb3fedccc447f517ee0d3fd8fe49eae949e1cd0f6a611818f4f6fb7dc83b"},
    {file = "greenlet-3.2.4-cp313-cp313-musllinux_1_1_x86_64.whl", hash = "sha256:d25c5091190f2dc0eaa3f950252122edbbadbb682aa7b1ef2f8af0f8c0afefae"},
    {file = "greenlet-3.2.4-cp313-cp313-win_amd64.whl", hash = "sha256:554b03b6e73aaabec3745364d6239e9e012d64c68ccd0b8430c64ccc14939a8b"},
    {file = "greenlet-3.2.4-cp314-cp314-macosx_11_0_universal2.whl", hash = "sha256:49a30d5fda2507ae77be16479bdb62a660fa51b1eb4928b524975b3bde77b3c0"},
    {file = "greenlet-3.2.4-cp314-cp314-manylinux2014_aarch64.manylinux_2_17_aarch64.whl", hash = "sha256:299fd615cd8fc86267b47597123e3f43ad79c9d8a22bebdce535e53550763e2f"},
    {file = "greenlet-3.2.4-cp314-cp314-manylinux2014_ppc64le.manylinux_2_17_ppc64le.whl", hash = "sha256:c17b6b34111ea72fc5a4e4beec9711d2226285f0386ea83477cbb97c30a3f3a5"},
    {file = "greenlet-3.2.4-cp314-cp314-manylinux2014_s390x.manylinux_2_17_s390x.whl", hash = "sha256:b4a1870c51720687af7fa3e7cda6d08d801dae660f75a76f3845b642b4da6ee1"},
    {file = "greenlet-3.2.4-cp314-cp314-manylinux2014_x86_64.manylinux_2_17_x86_64.whl", hash = "sha256:061dc4cf2c34852b052a8620d40f36324554bc192be474b9e9770e8c042fd735"},
    {file = "greenlet-3.2.4-cp314-cp314-manylinux_2_24_x86_64.manylinux_2_28_x86_64.whl", hash = "sha256:44358b9bf66c8576a9f57a590d5f5d6e72fa4228b763d0e43fee6d3b06d3a337"},
    {file = "greenlet-3.2.4-cp314-cp314-win_amd64.whl", hash = "sha256:e37ab26028f12dbb0ff65f29a8d3d44a765c61e729647bf2ddfbbed621726f01"},
    {file = "greenlet-3.2.4-cp39-cp39-macosx_11_0_universal2.whl", hash = "sha256:b6a7c19cf0d2742d0809a4c05975db036fdff50cd294a93632d6a310bf9ac02c"},
    {file = "greenlet-3.2.4-cp39-cp39-manylinux2014_aarch64.manylinux_2_17_aarch64.whl", hash = "sha256:27890167f55d2387576d1f41d9487ef171849ea0359ce1510ca6e06c8bece11d"},
    {file = "greenlet-3.2.4-cp39-cp39-manylinux2014_ppc64le.manylinux_2_17_ppc64le.whl", hash = "sha256:18d9260df2b5fbf41ae5139e1be4e796d99655f023a636cd0e11e6406cca7d58"},
    {file = "greenlet-3.2.4-cp39-cp39-manylinux2014_s390x.manylinux_2_17_s390x.whl", hash = "sha256:671df96c1f23c4a0d4077a325483c1503c96a1b7d9db26592ae770daa41233d4"},
    {file = "greenlet-3.2.4-cp39-cp39-manylinux2014_x86_64.manylinux_2_17_x86_64.whl", hash = "sha256:16458c245a38991aa19676900d48bd1a6f2ce3e16595051a4db9d012154e8433"},
    {file = "greenlet-3.2.4-cp39-cp39-manylinux_2_24_x86_64.manylinux_2_28_x86_64.whl", hash = "sha256:c9913f1a30e4526f432991f89ae263459b1c64d1608c0d22a5c79c287b3c70df"},
    {file = "greenlet-3.2.4-cp39-cp39-musllinux_1_1_aarch64.whl", hash = "sha256:b90654e092f928f110e0007f572007c9727b5265f7632c2fa7415b4689351594"},
    {file = "greenlet-3.2.4-cp39-cp39-musllinux_1_1_x86_64.whl", hash = "sha256:81701fd84f26330f0d5f4944d4e92e61afe6319dcd9775e39396e39d7c3e5f98"},
    {file = "greenlet-3.2.4-cp39-cp39-win32.whl", hash = "sha256:65458b409c1ed459ea899e939f0e1cdb14f58dbc803f2f93c5eab5694d32671b"},
    {file = "greenlet-3.2.4-cp39-cp39-win_amd64.whl", hash = "sha256:d2e685ade4dafd447ede19c31277a224a239a0a1a4eca4e6390efedf20260cfb"},
    {file = "greenlet-3.2.4.tar.gz", hash = "sha256:0dca0d95ff849f9a364385f36ab49f50065d76964944638be9691e1832e9f86d"},
]

[package.extras]
docs = ["Sphinx", "furo"]
test = ["objgraph", "psutil", "setuptools"]

[[package]]
name = "iniconfig"
version = "2.1.0"
description = "brain-dead simple config-ini parsing"
optional = false
python-versions = ">=3.8"
files = [
    {file = "iniconfig-2.1.0-py3-none-any.whl", hash = "sha256:9deba5723312380e77435581c6bf4935c94cbfab9b1ed33ef8d238ea168eb760"},
    {file = "iniconfig-2.1.0.tar.gz", hash = "sha256:3abbd2e30b36733fee78f9c7f7308f2d0050e88f0087fd25c2645f63c773e1c7"},
]

[[package]]
name = "isodate"
version = "0.7.2"
description = "An ISO 8601 date/time/duration parser and formatter"
optional = false
python-versions = ">=3.7"
files = [
    {file = "isodate-0.7.2-py3-none-any.whl", hash = "sha256:28009937d8031054830160fce6d409ed342816b543597cece116d966c6d99e15"},
    {file = "isodate-0.7.2.tar.gz", hash = "sha256:4cd1aa0f43ca76f4a6c6c0292a85f40b35ec2e43e315b59f06e6d32171a953e6"},
]

[[package]]
name = "leather"
version = "0.4.0"
description = "Python charting for 80% of humans."
optional = false
python-versions = "*"
files = [
    {file = "leather-0.4.0-py2.py3-none-any.whl", hash = "sha256:18290bc93749ae39039af5e31e871fcfad74d26c4c3ea28ea4f681f4571b3a2b"},
    {file = "leather-0.4.0.tar.gz", hash = "sha256:f964bec2086f3153a6c16e707f20cb718f811f57af116075f4c0f4805c608b95"},
]

[package.extras]
test = ["cssselect (>=0.9.1)", "lxml (>=3.6.0)", "pytest", "pytest-cov"]

[[package]]
name = "olefile"
version = "0.47"
description = "Python package to parse, read and write Microsoft OLE2 files (Structured Storage or Compound Document, Microsoft Office)"
optional = false
python-versions = ">=2.7, !=3.0.*, !=3.1.*, !=3.2.*, !=3.3.*, !=3.4.*"
files = [
    {file = "olefile-0.47-py2.py3-none-any.whl", hash = "sha256:543c7da2a7adadf21214938bb79c83ea12b473a4b6ee4ad4bf854e7715e13d1f"},
    {file = "olefile-0.47.zip", hash = "sha256:599383381a0bf3dfbd932ca0ca6515acd174ed48870cbf7fee123d698c192c1c"},
]

[package.extras]
tests = ["pytest", "pytest-cov"]

[[package]]
name = "openpyxl"
version = "3.1.5"
description = "A Python library to read/write Excel 2010 xlsx/xlsm files"
optional = false
python-versions = ">=3.8"
files = [
    {file = "openpyxl-3.1.5-py2.py3-none-any.whl", hash = "sha256:5282c12b107bffeef825f4617dc029afaf41d0ea60823bbb665ef3079dc79de2"},
    {file = "openpyxl-3.1.5.tar.gz", hash = "sha256:cf0e3cf56142039133628b5acffe8ef0c12bc902d2aadd3e0fe5878dc08d1050"},
]

[package.dependencies]
et-xmlfile = "*"

[[package]]
name = "packaging"
version = "25.0"
description = "Core utilities for Python packages"
optional = false
python-versions = ">=3.8"
files = [
    {file = "packaging-25.0-py3-none-any.whl", hash = "sha256:29572ef2b1f17581046b3a2227d5c611fb25ec70ca1ba8554b24b0e69331a484"},
    {file = "packaging-25.0.tar.gz", hash = "sha256:d443872c98d677bf60f6a1f2f8c1cb748e8fe762d2bf9d3148b5599295b0fc4f"},
]

[[package]]
name = "parsedatetime"
version = "2.6"
description = "Parse human-readable date/time text."
optional = false
python-versions = "*"
files = [
    {file = "parsedatetime-2.6-py3-none-any.whl", hash = "sha256:cb96edd7016872f58479e35879294258c71437195760746faffedb692aef000b"},
    {file = "parsedatetime-2.6.tar.gz", hash = "sha256:4cb368fbb18a0b7231f4d76119165451c8d2e35951455dfee97c62a87b04d455"},
]

[[package]]
name = "pluggy"
version = "1.6.0"
description = "plugin and hook calling mechanisms for python"
optional = false
python-versions = ">=3.9"
files = [
    {file = "pluggy-1.6.0-py3-none-any.whl", hash = "sha256:e920276dd6813095e9377c0bc5566d94c932c33b27a3e3945d8389c374dd4746"},
    {file = "pluggy-1.6.0.tar.gz", hash = "sha256:7dcc130b76258d33b90f61b658791dede3486c3e6bfb003ee5c9bfb396dd22f3"},
]

[package.extras]
dev = ["pre-commit", "tox"]
testing = ["coverage", "pytest", "pytest-benchmark"]

[[package]]
name = "pygments"
version = "2.19.2"
description = "Pygments is a syntax highlighting package written in Python."
optional = false
python-versions = ">=3.8"
files = [
    {file = "pygments-2.19.2-py3-none-any.whl", hash = "sha256:86540386c03d588bb81d44bc3928634ff26449851e99741617ecb9037ee5ec0b"},
    {file = "pygments-2.19.2.tar.gz", hash = "sha256:636cb2477cec7f8952536970bc533bc43743542f70392ae026374600add5b887"},
]

[package.extras]
windows-terminal = ["colorama (>=0.4.6)"]

[[package]]
name = "pytest"
version = "8.4.1"
description = "pytest: simple powerful testing with Python"
optional = false
python-versions = ">=3.9"
files = [
    {file = "pytest-8.4.1-py3-none-any.whl", hash = "sha256:539c70ba6fcead8e78eebbf1115e8b589e7565830d7d006a8723f19ac8a0afb7"},
    {file = "pytest-8.4.1.tar.gz", hash = "sha256:7c67fd69174877359ed9371ec3af8a3d2b04741818c51e5e99cc1742251fa93c"},
]

[package.dependencies]
colorama = {version = ">=0.4", markers = "sys_platform == \"win32\""}
iniconfig = ">=1"
packaging = ">=20"
pluggy = ">=1.5,<2"
pygments = ">=2.7.2"

[package.extras]
dev = ["argcomplete", "attrs (>=19.2)", "hypothesis (>=3.56)", "mock", "requests", "setuptools", "xmlschema"]

[[package]]
name = "pytest-cov"
version = "5.0.0"
description = "Pytest plugin for measuring coverage."
optional = false
python-versions = ">=3.8"
files = [
    {file = "pytest-cov-5.0.0.tar.gz", hash = "sha256:5837b58e9f6ebd335b0f8060eecce69b662415b16dc503883a02f45dfeb14857"},
    {file = "pytest_cov-5.0.0-py3-none-any.whl", hash = "sha256:4f0764a1219df53214206bf1feea4633c3b558a2925c8b59f144f682861ce652"},
]

[package.dependencies]
coverage = {version = ">=5.2.1", extras = ["toml"]}
pytest = ">=4.6"

[package.extras]
testing = ["fields", "hunter", "process-tests", "pytest-xdist", "virtualenv"]

[[package]]
name = "python-dateutil"
version = "2.9.0.post0"
description = "Extensions to the standard Python datetime module"
optional = false
python-versions = "!=3.0.*,!=3.1.*,!=3.2.*,>=2.7"
files = [
    {file = "python-dateutil-2.9.0.post0.tar.gz", hash = "sha256:37dd54208da7e1cd875388217d5e00ebd4179249f90fb72437e91a35459a0ad3"},
    {file = "python_dateutil-2.9.0.post0-py2.py3-none-any.whl", hash = "sha256:a8b2bc7bffae282281c8140a97d3aa9c14da0b136dfe83f850eea9a5f7470427"},
]

[package.dependencies]
six = ">=1.5"

[[package]]
name = "python-slugify"
version = "8.0.4"
description = "A Python slugify application that also handles Unicode"
optional = false
python-versions = ">=3.7"
files = [
    {file = "python-slugify-8.0.4.tar.gz", hash = "sha256:59202371d1d05b54a9e7720c5e038f928f45daaffe41dd10822f3907b937c856"},
    {file = "python_slugify-8.0.4-py2.py3-none-any.whl", hash = "sha256:276540b79961052b66b7d116620b36518847f52d5fd9e3a70164fc8c50faa6b8"},
]

[package.dependencies]
text-unidecode = ">=1.3"

[package.extras]
unidecode = ["Unidecode (>=1.1.1)"]

[[package]]
name = "pytimeparse"
version = "1.1.8"
description = "Time expression parser"
optional = false
python-versions = "*"
files = [
    {file = "pytimeparse-1.1.8-py2.py3-none-any.whl", hash = "sha256:04b7be6cc8bd9f5647a6325444926c3ac34ee6bc7e69da4367ba282f076036bd"},
    {file = "pytimeparse-1.1.8.tar.gz", hash = "sha256:e86136477be924d7e670646a98561957e8ca7308d44841e21f5ddea757556a0a"},
]

[[package]]
name = "ruff"
version = "0.6.9"
description = "An extremely fast Python linter and code formatter, written in Rust."
optional = false
python-versions = ">=3.7"
files = [
    {file = "ruff-0.6.9-py3-none-linux_armv6l.whl", hash = "sha256:064df58d84ccc0ac0fcd63bc3090b251d90e2a372558c0f057c3f75ed73e1ccd"},
    {file = "ruff-0.6.9-py3-none-macosx_10_12_x86_64.whl", hash = "sha256:140d4b5c9f5fc7a7b074908a78ab8d384dd7f6510402267bc76c37195c02a7ec"},
    {file = "ruff-0.6.9-py3-none-macosx_11_0_arm64.whl", hash = "sha256:53fd8ca5e82bdee8da7f506d7b03a261f24cd43d090ea9db9a1dc59d9313914c"},
    {file = "ruff-0.6.9-py3-none-manylinux_2_17_aarch64.manylinux2014_aarch64.whl", hash = "sha256:645d7d8761f915e48a00d4ecc3686969761df69fb561dd914a773c1a8266e14e"},
    {file = "ruff-0.6.9-py3-none-manylinux_2_17_armv7l.manylinux2014_armv7l.whl", hash = "sha256:eae02b700763e3847595b9d2891488989cac00214da7f845f4bcf2989007d577"},
    {file = "ruff-0.6.9-py3-none-manylinux_2_17_i686.manylinux2014_i686.whl", hash = "sha256:7d5ccc9e58112441de8ad4b29dcb7a86dc25c5f770e3c06a9d57e0e5eba48829"},
    {file = "ruff-0.6.9-py3-none-manylinux_2_17_ppc64.manylinux2014_ppc64.whl", hash = "sha256:417b81aa1c9b60b2f8edc463c58363075412866ae4e2b9ab0f690dc1e87ac1b5"},
    {file = "ruff-0.6.9-py3-none-manylinux_2_17_ppc64le.manylinux2014_ppc64le.whl", hash = "sha256:3c866b631f5fbce896a74a6e4383407ba7507b815ccc52bcedabb6810fdb3ef7"},
    {file = "ruff-0.6.9-py3-none-manylinux_2_17_s390x.manylinux2014_s390x.whl", hash = "sha256:7b118afbb3202f5911486ad52da86d1d52305b59e7ef2031cea3425142b97d6f"},
    {file = "ruff-0.6.9-py3-none-manylinux_2_17_x86_64.manylinux2014_x86_64.whl", hash = "sha256:a67267654edc23c97335586774790cde402fb6bbdb3c2314f1fc087dee320bfa"},
    {file = "ruff-0.6.9-py3-none-musllinux_1_2_aarch64.whl", hash = "sha256:3ef0cc774b00fec123f635ce5c547dac263f6ee9fb9cc83437c5904183b55ceb"},
    {file = "ruff-0.6.9-py3-none-musllinux_1_2_armv7l.whl", hash = "sha256:12edd2af0c60fa61ff31cefb90aef4288ac4d372b4962c2864aeea3a1a2460c0"},
    {file = "ruff-0.6.9-py3-none-musllinux_1_2_i686.whl", hash = "sha256:55bb01caeaf3a60b2b2bba07308a02fca6ab56233302406ed5245180a05c5625"},
    {file = "ruff-0.6.9-py3-none-musllinux_1_2_x86_64.whl", hash = "sha256:925d26471fa24b0ce5a6cdfab1bb526fb4159952385f386bdcc643813d472039"},
    {file = "ruff-0.6.9-py3-none-win32.whl", hash = "sha256:eb61ec9bdb2506cffd492e05ac40e5bc6284873aceb605503d8494180d6fc84d"},
    {file = "ruff-0.6.9-py3-none-win_amd64.whl", hash = "sha256:785d31851c1ae91f45b3d8fe23b8ae4b5170089021fbb42402d811135f0b7117"},
    {file = "ruff-0.6.9-py3-none-win_arm64.whl", hash = "sha256:a9641e31476d601f83cd602608739a0840e348bda93fec9f1ee816f8b6798b93"},
    {file = "ruff-0.6.9.tar.gz", hash = "sha256:b076ef717a8e5bc819514ee1d602bbdca5b4420ae13a9cf61a0c0a4f53a2baa2"},
]

[[package]]
name = "six"
version = "1.17.0"
description = "Python 2 and 3 compatibility utilities"
optional = false
python-versions = "!=3.0.*,!=3.1.*,!=3.2.*,>=2.7"
files = [
    {file = "six-1.17.0-py2.py3-none-any.whl", hash = "sha256:4721f391ed90541fddacab5acf947aa0d3dc7d27b2e1e8eda2be8970586c3274"},
    {file = "six-1.17.0.tar.gz", hash = "sha256:ff70335d468e7eb6ec65b95b99d3a2836546063f63acc5171de367e834932a81"},
]

[[package]]
name = "sqlalchemy"
version = "2.0.43"
description = "Database Abstraction Library"
optional = false
python-versions = ">=3.7"
files = [
    {file = "SQLAlchemy-2.0.43-cp37-cp37m-macosx_10_9_x86_64.whl", hash = "sha256:21ba7a08a4253c5825d1db389d4299f64a100ef9800e4624c8bf70d8f136e6ed"},
    {file = "SQLAlchemy-2.0.43-cp37-cp37m-manylinux_2_17_aarch64.manylinux2014_aarch64.whl", hash = "sha256:11b9503fa6f8721bef9b8567730f664c5a5153d25e247aadc69247c4bc605227"},
    {file = "SQLAlchemy-2.0.43-cp37-cp37m-musllinux_1_2_aarch64.whl", hash = "sha256:cdeff998cb294896a34e5b2f00e383e7c5c4ef3b4bfa375d9104723f15186443"},
    {file = "SQLAlchemy-2.0.43-cp37-cp37m-win32.whl", hash = "sha256:c697575d0e2b0a5f0433f679bda22f63873821d991e95a90e9e52aae517b2e32"},
    {file = "SQLAlchemy-2.0.43-cp37-cp37m-win_amd64.whl", hash = "sha256:d34c0f6dbefd2e816e8f341d0df7d4763d382e3f452423e752ffd1e213da2512"},
    {file = "sqlalchemy-2.0.43-cp310-cp310-macosx_10_9_x86_64.whl", hash = "sha256:70322986c0c699dca241418fcf18e637a4369e0ec50540a2b907b184c8bca069"},
    {file = "sqlalchemy-2.0.43-cp310-cp310-macosx_11_0_arm64.whl", hash = "sha256:87accdbba88f33efa7b592dc2e8b2a9c2cdbca73db2f9d5c510790428c09c154"},
    {file = "sqlalchemy-2.0.43-cp310-cp310-manylinux_2_17_aarch64.manylinux2014_aarch64.whl", hash = "sha256:c00e7845d2f692ebfc7d5e4ec1a3fd87698e4337d09e58d6749a16aedfdf8612"},
    {file = "sqlalchemy-2.0.43-cp310-cp310-manylinux_2_17_x86_64.manylinux2014_x86_64.whl", hash = "sha256:022e436a1cb39b13756cf93b48ecce7aa95382b9cfacceb80a7d263129dfd019"},
    {file = "sqlalchemy-2.0.43-cp310-cp310-musllinux_1_2_aarch64.whl", hash = "sha256:c5e73ba0d76eefc82ec0219d2301cb33bfe5205ed7a2602523111e2e56ccbd20"},
    {file = "sqlalchemy-2.0.43-cp310-cp310-musllinux_1_2_x86_64.whl", hash = "sha256:9c2e02f06c68092b875d5cbe4824238ab93a7fa35d9c38052c033f7ca45daa18"},
    {file = "sqlalchemy-2.0.43-cp310-cp310-win32.whl", hash = "sha256:e7a903b5b45b0d9fa03ac6a331e1c1d6b7e0ab41c63b6217b3d10357b83c8b00"},
    {file = "sqlalchemy-2.0.43-cp310-cp310-win_amd64.whl", hash = "sha256:4bf0edb24c128b7be0c61cd17eef432e4bef507013292415f3fb7023f02b7d4b"},
    {file = "sqlalchemy-2.0.43-cp311-cp311-macosx_10_9_x86_64.whl", hash = "sha256:52d9b73b8fb3e9da34c2b31e6d99d60f5f99fd8c1225c9dad24aeb74a91e1d29"},
    {file = "sqlalchemy-2.0.43-cp311-cp311-macosx_11_0_arm64.whl", hash = "sha256:f42f23e152e4545157fa367b2435a1ace7571cab016ca26038867eb7df2c3631"},
    {file = "sqlalchemy-2.0.43-cp311-cp311-manylinux_2_17_aarch64.manylinux2014_aarch64.whl", hash = "sha256:4fb1a8c5438e0c5ea51afe9c6564f951525795cf432bed0c028c1cb081276685"},
    {file = "sqlalchemy-2.0.43-cp311-cp311-manylinux_2_17_x86_64.manylinux2014_x86_64.whl", hash = "sha256:db691fa174e8f7036afefe3061bc40ac2b770718be2862bfb03aabae09051aca"},
    {file = "sqlalchemy-2.0.43-cp311-cp311-musllinux_1_2_aarch64.whl", hash = "sha256:fe2b3b4927d0bc03d02ad883f402d5de201dbc8894ac87d2e981e7d87430e60d"},
    {file = "sqlalchemy-2.0.43-cp311-cp311-musllinux_1_2_x86_64.whl", hash = "sha256:4d3d9b904ad4a6b175a2de0738248822f5ac410f52c2fd389ada0b5262d6a1e3"},
    {file = "sqlalchemy-2.0.43-cp311-cp311-win32.whl", hash = "sha256:5cda6b51faff2639296e276591808c1726c4a77929cfaa0f514f30a5f6156921"},
    {file = "sqlalchemy-2.0.43-cp311-cp311-win_amd64.whl", hash = "sha256:c5d1730b25d9a07727d20ad74bc1039bbbb0a6ca24e6769861c1aa5bf2c4c4a8"},
    {file = "sqlalchemy-2.0.43-cp312-cp312-macosx_10_13_x86_64.whl", hash = "sha256:20d81fc2736509d7a2bd33292e489b056cbae543661bb7de7ce9f1c0cd6e7f24"},
    {file = "sqlalchemy-2.0.43-cp312-cp312-macosx_11_0_arm64.whl", hash = "sha256:25b9fc27650ff5a2c9d490c13c14906b918b0de1f8fcbb4c992712d8caf40e83"},
    {file = "sqlalchemy-2.0.43-cp312-cp312-manylinux_2_17_aarch64.manylinux2014_aarch64.whl", hash = "sha256:6772e3ca8a43a65a37c88e2f3e2adfd511b0b1da37ef11ed78dea16aeae85bd9"},
    {file = "sqlalchemy-2.0.43-cp312-cp312-manylinux_2_17_x86_64.manylinux2014_x86_64.whl", hash = "sha256:1a113da919c25f7f641ffbd07fbc9077abd4b3b75097c888ab818f962707eb48"},
    {file = "sqlalchemy-2.0.43-cp312-cp312-musllinux_1_2_aarch64.whl", hash = "sha256:4286a1139f14b7d70141c67a8ae1582fc2b69105f1b09d9573494eb4bb4b2687"},
    {file = "sqlalchemy-2.0.43-cp312-cp312-musllinux_1_2_x86_64.whl", hash = "sha256:529064085be2f4d8a6e5fab12d36ad44f1909a18848fcfbdb59cc6d4bbe48efe"},
    {file = "sqlalchemy-2.0.43-cp312-cp312-win32.whl", hash = "sha256:b535d35dea8bbb8195e7e2b40059e2253acb2b7579b73c1b432a35363694641d"},
    {file = "sqlalchemy-2.0.43-cp312-cp312-win_amd64.whl", hash = "sha256:1c6d85327ca688dbae7e2b06d7d84cfe4f3fffa5b5f9e21bb6ce9d0e1a0e0e0a"},
    {file = "sqlalchemy-2.0.43-cp313-cp313-macosx_10_13_x86_64.whl", hash = "sha256:e7c08f57f75a2bb62d7ee80a89686a5e5669f199235c6d1dac75cd59374091c3"},
    {file = "sqlalchemy-2.0.43-cp313-cp313-macosx_11_0_arm64.whl", hash = "sha256:14111d22c29efad445cd5021a70a8b42f7d9152d8ba7f73304c4d82460946aaa"},
    {file = "sqlalchemy-2.0.43-cp313-cp313-manylinux_2_17_aarch64.manylinux2014_aarch64.whl", hash = "sha256:21b27b56eb2f82653168cefe6cb8e970cdaf4f3a6cb2c5e3c3c1cf3158968ff9"},
    {file = "sqlalchemy-2.0.43-cp313-cp313-manylinux_2_17_x86_64.manylinux2014_x86_64.whl", hash = "sha256:9c5a9da957c56e43d72126a3f5845603da00e0293720b03bde0aacffcf2dc04f"},
    {file = "sqlalchemy-2.0.43-cp313-cp313-musllinux_1_2_aarch64.whl", hash = "sha256:5d79f9fdc9584ec83d1b3c75e9f4595c49017f5594fee1a2217117647225d738"},
    {file = "sqlalchemy-2.0.43-cp313-cp313-musllinux_1_2_x86_64.whl", hash = "sha256:9df7126fd9db49e3a5a3999442cc67e9ee8971f3cb9644250107d7296cb2a164"},
    {file = "sqlalchemy-2.0.43-cp313-cp313-win32.whl", hash = "sha256:7f1ac7828857fcedb0361b48b9ac4821469f7694089d15550bbcf9ab22564a1d"},
    {file = "sqlalchemy-2.0.43-cp313-cp313-win_amd64.whl", hash = "sha256:971ba928fcde01869361f504fcff3b7143b47d30de188b11c6357c0505824197"},
    {file = "sqlalchemy-2.0.43-cp38-cp38-manylinux_2_17_aarch64.manylinux2014_aarch64.whl", hash = "sha256:46293c39252f93ea0910aababa8752ad628bcce3a10d3f260648dd472256983f"},
    {file = "sqlalchemy-2.0.43-cp38-cp38-musllinux_1_2_aarch64.whl", hash = "sha256:6e2bf13d9256398d037fef09fd8bf9b0bf77876e22647d10761d35593b9ac547"},
    {file = "sqlalchemy-2.0.43-cp38-cp38-win32.whl", hash = "sha256:13194276e69bb2af56198fef7909d48fd34820de01d9c92711a5fa45497cc7ed"},
    {file = "sqlalchemy-2.0.43-cp38-cp38-win_amd64.whl", hash = "sha256:334f41fa28de9f9be4b78445e68530da3c5fa054c907176460c81494f4ae1f5e"},
    {file = "sqlalchemy-2.0.43-cp39-cp39-manylinux_2_17_aarch64.manylinux2014_aarch64.whl", hash = "sha256:413391b2239db55be14fa4223034d7e13325a1812c8396ecd4f2c08696d5ccad"},
    {file = "sqlalchemy-2.0.43-cp39-cp39-musllinux_1_2_aarch64.whl", hash = "sha256:03d73ab2a37d9e40dec4984d1813d7878e01dbdc742448d44a7341b7a9f408c7"},
    {file = "sqlalchemy-2.0.43-cp39-cp39-win32.whl", hash = "sha256:b3edaec7e8b6dc5cd94523c6df4f294014df67097c8217a89929c99975811414"},
    {file = "sqlalchemy-2.0.43-cp39-cp39-win_amd64.whl", hash = "sha256:227119ce0a89e762ecd882dc661e0aa677a690c914e358f0dd8932a2e8b2765b"},
    {file = "sqlalchemy-2.0.43-py3-none-any.whl", hash = "sha256:1681c21dd2ccee222c2fe0bef671d1aef7c504087c9c4e800371cfcc8ac966fc"},
    {file = "sqlalchemy-2.0.43.tar.gz", hash = "sha256:788bfcef6787a7764169cfe9859fe425bf44559619e1d9f56f5bddf2ebf6f417"},
]

[package.dependencies]
greenlet = {version = ">=1", markers = "python_version < \"3.14\" and (platform_machine == \"aarch64\" or platform_machine == \"ppc64le\" or platform_machine == \"x86_64\" or platform_machine == \"amd64\" or platform_machine == \"AMD64\" or platform_machine == \"win32\" or platform_machine == \"WIN32\")"}
typing-extensions = ">=4.6.0"

[package.extras]
aiomysql = ["aiomysql (>=0.2.0)", "greenlet (>=1)"]
aioodbc = ["aioodbc", "greenlet (>=1)"]
aiosqlite = ["aiosqlite", "greenlet (>=1)", "typing_extensions (!=3.10.0.1)"]
asyncio = ["greenlet (>=1)"]
asyncmy = ["asyncmy (>=0.2.3,!=0.2.4,!=0.2.6)", "greenlet (>=1)"]
mariadb-connector = ["mariadb (>=1.0.1,!=1.1.2,!=1.1.5,!=1.1.10)"]
mssql = ["pyodbc"]
mssql-pymssql = ["pymssql"]
mssql-pyodbc = ["pyodbc"]
mypy = ["mypy (>=0.910)"]
mysql = ["mysqlclient (>=1.4.0)"]
mysql-connector = ["mysql-connector-python"]
oracle = ["cx_oracle (>=8)"]
oracle-oracledb = ["oracledb (>=1.0.1)"]
postgresql = ["psycopg2 (>=2.7)"]
postgresql-asyncpg = ["asyncpg", "greenlet (>=1)"]
postgresql-pg8000 = ["pg8000 (>=1.29.1)"]
postgresql-psycopg = ["psycopg (>=3.0.7)"]
postgresql-psycopg2binary = ["psycopg2-binary"]
postgresql-psycopg2cffi = ["psycopg2cffi"]
postgresql-psycopgbinary = ["psycopg[binary] (>=3.0.7)"]
pymysql = ["pymysql"]
sqlcipher = ["sqlcipher3_binary"]

[[package]]
name = "text-unidecode"
version = "1.3"
description = "The most basic Text::Unidecode port"
optional = false
python-versions = "*"
files = [
    {file = "text-unidecode-1.3.tar.gz", hash = "sha256:bad6603bb14d279193107714b288be206cac565dfa49aa5b105294dd5c4aab93"},
    {file = "text_unidecode-1.3-py2.py3-none-any.whl", hash = "sha256:1311f10e8b895935241623731c2ba64f4c455287888b18189350b67134a822e8"},
]

[[package]]
name = "typing-extensions"
version = "4.14.1"
description = "Backported and Experimental Type Hints for Python 3.9+"
optional = false
python-versions = ">=3.9"
files = [
    {file = "typing_extensions-4.14.1-py3-none-any.whl", hash = "sha256:d1e1e3b58374dc93031d6eda2420a48ea44a36c2b4766a4fdeb3710755731d76"},
    {file = "typing_extensions-4.14.1.tar.gz", hash = "sha256:38b39f4aeeab64884ce9f74c94263ef78f3c22467c8724005483154c26648d36"},
]

[[package]]
name = "tzdata"
version = "2025.2"
description = "Provider of IANA time zone data"
optional = false
python-versions = ">=2"
files = [
    {file = "tzdata-2025.2-py2.py3-none-any.whl", hash = "sha256:1a403fada01ff9221ca8044d701868fa132215d84beb92242d9acd2147f667a8"},
    {file = "tzdata-2025.2.tar.gz", hash = "sha256:b60a638fcc0daffadf82fe0f57e53d06bdec2f36c4df66280ae79bce6bd6f2b9"},
]

[[package]]
name = "xlrd"
version = "2.0.2"
description = "Library for developers to extract data from Microsoft Excel (tm) .xls spreadsheet files"
optional = false
python-versions = "!=3.0.*,!=3.1.*,!=3.2.*,!=3.3.*,!=3.4.*,!=3.5.*,>=2.7"
files = [
    {file = "xlrd-2.0.2-py2.py3-none-any.whl", hash = "sha256:ea762c3d29f4cca48d82df517b6d89fbce4db3107f9d78713e48cd321d5c9aa9"},
    {file = "xlrd-2.0.2.tar.gz", hash = "sha256:08b5e25de58f21ce71dc7db3b3b8106c1fa776f3024c54e45b45b374e89234c9"},
]

[package.extras]
build = ["twine", "wheel"]
docs = ["sphinx"]
test = ["pytest", "pytest-cov"]

[metadata]
lock-version = "2.0"
python-versions = "^3.12"
content-hash = "ce750c1ad371f23f1a81fda08ffd09b88c19dd36dcf2d81a4a8ce43ef49ca0f6"
